github.com/aws/aws-sdk-go-v2 v1.46.0 h1:1kt7m/EKcEHt5mlyyxx9cSlMddRPIKbjb6DIQsu4HPk=
github.com/aws/aws-sdk-go-v2 v1.46.0/go.mod h1:bttEH6JqnUL8LepvDVfdrds/fZ5bCIxzpe3abyUrhDU=
github.com/aws/aws-sdk-go-v2/aws/protocol/eventstream v1.7.20 h1:GPRlPwz40I2B2VrBEASOA3Bi77NyeqejNLkifosX0rs=
github.com/aws/aws-sdk-go-v2/aws/protocol/eventstream v1.7.20/go.mod h1:g7PNzKcsOKWb4fkSRBA7BZVAS6Y8IcxzN+nRohhQ1Q8=
github.com/aws/aws-sdk-go-v2/config v1.32.14 h1:opVIRo/ZbbI8OIqSOKmpFaY7IwfFUOCCXBsUpJOwDdI=
github.com/aws/aws-sdk-go-v2/config v1.32.14/go.mod h1:U4/V0uKxh0Tl5sxmCBZ3AecYny4UNlVmObYjKuuaiOo=
github.com/aws/aws-sdk-go-v2/credentials v1.19.14 h1:n+UcGWAIZHkXzYt87uMFBv/l8THYELoX6gVcUvgl6fI=
github.com/aws/aws-sdk-go-v2/credentials v1.19.14/go.mod h1:cJKuyWB59Mqi0jM3nFYQRmnHVQIcgoxjEMAbLkpr62w=
github.com/aws/aws-sdk-go-v2/feature/ec2/imds v1.18.21 h1:NUS3K4BTDArQqNu2ih7yeDLaS3bmHD0YndtA6UP884g=
github.com/aws/aws-sdk-go-v2/feature/ec2/imds v1.18.21/go.mod h1:YWNWJQNjKigKY1RHVJCuupeWDrrHjRqHm0N9rdrWzYI=
github.com/aws/aws-sdk-go-v2/internal/configsources v1.5.2 h1:q/PSLGuRWCChWg+dLnb9dWOnrCxJtnboXbBtFoqqRrI=
github.com/aws/aws-sdk-go-v2/internal/configsources v1.5.2/go.mod h1:TD1jvU2LvXkJexct5vBqcd8QlNXh5EmRUeL/Z32p0n4=
github.com/aws/aws-sdk-go-v2/internal/endpoints/v2 v2.8.2 h1:6fl86IPqKEXoySqiOWdfgbEp9OVbn44zTfEICNEBDhY=
github.com/aws/aws-sdk-go-v2/internal/endpoints/v2 v2.8.2/go.mod h1:63HDfhFkdzBpI8WGXTSKUHPKS6mqldj4u3LJW7RZtSU=
github.com/aws/aws-sdk-go-v2/internal/ini v1.8.6 h1:qYQ4pzQ2Oz6WpQ8T3HvGHnZydA72MnLuFK9tJwmrbHw=
github.com/aws/aws-sdk-go-v2/internal/ini v1.8.6/go.mod h1:O3h0IK87yXci+kg6flUKzJnWeziQUKciKrLjcatSNcY=
github.com/aws/aws-sdk-go-v2/internal/v4a v1.5.2 h1:XMgIRS+uW9F3yFKnXGRrI9pkHi99CXTmoz2kz2/TGBA=
github.com/aws/aws-sdk-go-v2/internal/v4a v1.5.2/go.mod h1:vorxDzK+n3jiv9a5ST/LG0Eu9cSv1CRdKTpG6pDMs+M=
github.com/aws/aws-sdk-go-v2/service/acm v1.49.0 h1:D/cTbl3j7f5kajglyWC/RLSA9duvgI2rLZYgBnN3tZE=
github.com/aws/aws-sdk-go-v2/service/acm v1.49.0/go.mod h1:2MZLty7tYnPQ3uqScga+594vDl5rjmwNQEr1MPPaIDU=
github.com/aws/aws-sdk-go-v2/service/apigateway v1.46.0 h1:l5dAHt+1naULrlz1OmCljZj8t9qW/cqNnefewcNv6lU=
github.com/aws/aws-sdk-go-v2/service/apigateway v1.46.0/go.mod h1:9qtIy2c6qe+I3J3t2tC8HNJRIcUDIMVewrb7g9Gd7aI=
github.com/aws/aws-sdk-go-v2/service/apigatewayv2 v1.41.0 h1:KHyDCctrYDZoNkHo9T59JrG7WDMUsmt8tSeVAPJ2ETU=
github.com/aws/aws-sdk-go-v2/service/apigatewayv2 v1.41.0/go.mod h1:s9YgzxaZLaLEz1uq+H6nzk8g5SsYhjHkJHNI5oT+X1Y=
github.com/aws/aws-sdk-go-v2/service/cloudfront v1.72.0 h1:RU5ww9RMON7/yQUURm8SX5iPEJno9djBlvIQaLCOjNg=
github.com/aws/aws-sdk-go-v2/service/cloudfront v1.72.0/go.mod h1:faxAYN7eEPv3nQ5pMI1WGi2zZhXWO6Hui651tTJN49A=
github.com/aws/aws-sdk-go-v2/service/cloudtrail v1.63.0 h1:ZE2yqB11dtwimKlUtvEzPlRq33EPSKeRa6AyfVkXsLI=
github.com/aws/aws-sdk-go-v2/service/cloudtrail v1.63.0/go.mod h1:A7FeS2nVL0S2dEsC8bQnxuaDpi8iEhwYzOvVpW+tic4=
github.com/aws/aws-sdk-go-v2/service/cloudwatch v1.71.0 h1:rsz5qRD9Fdeh/AehTwu1cd8pBOlWVKOi/0iGeaQ4xGU=
github.com/aws/aws-sdk-go-v2/service/cloudwatch v1.71.0/go.mod h1:k0CehTbvZV73XPHuT0ifkoJaMjKVGHKHqP5XxPCm4sI=
github.com/aws/aws-sdk-go-v2/service/cloudwatchlogs v1.86.0 h1:yNLrmQvtLjjhSgQ70FiqN36rGP+kMX1evs8hEkDsFtc=
github.com/aws/aws-sdk-go-v2/service/cloudwatchlogs v1.86.0/go.mod h1:DE1u38p6ehmEEELWR94qEN+N2aAH0ZmBKsYcYb7yBo0=
github.com/aws/aws-sdk-go-v2/service/dynamodb v1.67.0 h1:Qs5KY7LC+/lMasuJOujgDtl3In6MHxnceULr2+V/Ldc=
github.com/aws/aws-sdk-go-v2/service/dynamodb v1.67.0/go.mod h1:xZ68tXuET4F9jrz4kQCXN6JIex933g0Izh6FM+YtFsg=
github.com/aws/aws-sdk-go-v2/service/ec2 v1.329.0 h1:diNdfHw/832G8QYVQ6uz5kwOC0pCAZNnn+Gvz0UXPag=
github.com/aws/aws-sdk-go-v2/service/ec2 v1.329.0/go.mod h1:mILEu29lo7lpbpkBIy4BtVFoHPLyM/ngOKYCZHEqciM=
github.com/aws/aws-sdk-go-v2/service/ecr v1.64.0 h1:iOYGE9bHGhMQYtbjEcgDJEobWIhKoUvE71m+Jm0vZgU=
github.com/aws/aws-sdk-go-v2/service/ecr v1.64.0/go.mod h1:5ccNgipT/aF9MWzTrKkyGJaCozPt+D6LOD4RFIdP22k=
github.com/aws/aws-sdk-go-v2/service/ecs v1.96.0 h1:kAOWRGbOwkvD+IQLOklSNSVY6pF2nGCmemBHG4iRLNk=
github.com/aws/aws-sdk-go-v2/service/ecs v1.96.0/go.mod h1:djHxMBR2H6gax8sZIXbRic+c5O6NQKm/r7NU2kezbZk=
github.com/aws/aws-sdk-go-v2/service/efs v1.48.0 h1:Bo8wTE02aOyvJeuiwA7nEHZDEMMOOUh1igWVItxGu1k=
github.com/aws/aws-sdk-go-v2/service/efs v1.48.0/go.mod h1:xpslVbgUY+JmdlPykNtoHqy8lrOrlNXwKAszQnVXnpg=
github.com/aws/aws-sdk-go-v2/service/eks v1.98.0 h1:/VGWZHBd1+pGuLOzZCp+MXLY6O63HxeCHRk+Db6JPyc=
github.com/aws/aws-sdk-go-v2/service/eks v1.98.0/go.mod h1:e+m9ew4EU+j7X2GWWbB85Tg2WEnFRvWnwq/KnsG6RKI=
github.com/aws/aws-sdk-go-v2/service/elasticache v1.60.0 h1:CrluVCmQeznDoFlxpqz13J8Ym4QsmxbMocoWc4TcC1Y=
github.com/aws/aws-sdk-go-v2/service/elasticache v1.60.0/go.mod h1:SoFRXCmJnIMlKjLVEqpMWTaA37VqjJRrOy4VYZyB3sA=
github.com/aws/aws-sdk-go-v2/service/elasticloadbalancingv2 v1.62.0 h1:+hXAYBA8DMJOzvu8lvktjhd8MFZPmHCTds2GoB5D6VM=
github.com/aws/aws-sdk-go-v2/service/elasticloadbalancingv2 v1.62.0/go.mod h1:y0rev3Q6/wzO7ksCXFOgMvblMWv2/A8dXnrAT+xxgwA=
github.com/aws/aws-sdk-go-v2/service/eventbridge v1.53.0 h1:KTKk9rDHs6zvL99VYQjKFFBDQnHi+My5g83eHuxAv40=
github.com/aws/aws-sdk-go-v2/service/eventbridge v1.53.0/go.mod h1:O6ya8EyRA/DfAbPA7toe1KhZqfhmlzUD8U4ezJoAtjQ=
github.com/aws/aws-sdk-go-v2/service/iam v1.63.0 h1:+cercRwLqR+MMWxooIGM+5bqwxn7w3UQ6QzSzb4jF40=
github.com/aws/aws-sdk-go-v2/service/iam v1.63.0/go.mod h1:xUtj7e6DjaX/Z1rr5fKgMvKNyt3XxQDRZytPQRpTncY=
github.com/aws/aws-sdk-go-v2/service/internal/accept-encoding v1.13.19 h1:bAdDl/HkGCcGPoe25ToSHEw23VIxt6CT5fLcg111BKg=
github.com/aws/aws-sdk-go-v2/service/internal/accept-encoding v1.13.19/go.mod h1:KaUzbLxv4CeSxh6ZCl9B4m7CuFenS8kUEaDs+f/DQr4=
github.com/aws/aws-sdk-go-v2/service/internal/checksum v1.11.2 h1:CO485zrLOZBeq8mrdsudc8cjyhvC4LY4JFt8ZfHvXZ0=
github.com/aws/aws-sdk-go-v2/service/internal/checksum v1.11.2/go.mod h1:cBAjVUKBr+5wnx1K3XWS8u5AZsqpA2S/0z7YtI6BGFc=
github.com/aws/aws-sdk-go-v2/service/internal/endpoint-discovery v1.13.2 h1:Ulv5rW95wuDrA/ToJ/KidTwvlJU/w4M6BD0AU+gIm7s=
github.com/aws/aws-sdk-go-v2/service/internal/endpoint-discovery v1.13.2/go.mod h1:8cB2IyKwy9nkqDonPGTRlTCQdZgxVwqjvjsn3t5xCQg=
github.com/aws/aws-sdk-go-v2/service/internal/presigned-url v1.14.2 h1:ZtHYnumr6QyxhzEzNZwzQTFJEXOswrZqTTkRxthwvr4=
github.com/aws/aws-sdk-go-v2/service/internal/presigned-url v1.14.2/go.mod h1:a1NXrYpBd311gBzn1UI5UzJyyvXktM4xNh/ydPiPpqY=
github.com/aws/aws-sdk-go-v2/service/internal/s3shared v1.20.2 h1:Enx5JcIy/o90kio1LFZ/HguxIsos3clbGuSpGdyshX8=
github.com/aws/aws-sdk-go-v2/service/internal/s3shared v1.20.2/go.mod h1:Ldmll8/2VqaVerWWDf8IGG+6pAvZY04gs3tevq3nIFs=
github.com/aws/aws-sdk-go-v2/service/kinesis v1.53.0 h1:jFGpuCKudK8UUYAN8gokcq9NbavYnzX4DM0G5YYG/rM=
github.com/aws/aws-sdk-go-v2/service/kinesis v1.53.0/go.mod h1:2h8s6B+Dk/9p2qrajjQHh3/OvlieQTuxRucQ+1l8VUc=
github.com/aws/aws-sdk-go-v2/service/kms v1.59.0 h1:qvCvEQxFqL4LLCFLuvrNovy2iLYSU74gedrahGvT6vI=
github.com/aws/aws-sdk-go-v2/service/kms v1.59.0/go.mod h1:p1tptb9enFZSeQxQjODPDwcDAuFrKKXumkHUi+R5C8A=
github.com/aws/aws-sdk-go-v2/service/lambda v1.107.0 h1:YnwvRfe3paJJrhBDM6QarmE81EJKsX5ErYagohkso1Y=
github.com/aws/aws-sdk-go-v2/service/lambda v1.107.0/go.mod h1:8z6HcrMubv4+JfaPuWiP82sFM7/qK3huB3WdcszBM5A=
github.com/aws/aws-sdk-go-v2/service/opensearch v1.79.0 h1:gd+CsqjFAZ1dnsxAt+dnLsmbGXHptY+6ZFf29sFls98=
github.com/aws/aws-sdk-go-v2/service/opensearch v1.79.0/go.mod h1:LU5KnHRpA3VLrSd2cFTT142tJMBisDKwtr1NBFasvm8=
github.com/aws/aws-sdk-go-v2/service/rds v1.128.0 h1:keaCViwAriS0OADwo19JlyYj69E89dVdBHUovcVYmXk=
github.com/aws/aws-sdk-go-v2/service/rds v1.128.0/go.mod h1:UjDrUggtVvjoG/JmU9SvzE+eKjnCKvn7JDsETFe4R4M=
github.com/aws/aws-sdk-go-v2/service/redshift v1.70.0 h1:2cZlWcGgzjw5Ya02qwyPHCpzBit8dq+BQoeo/MtJx7k=
github.com/aws/aws-sdk-go-v2/service/redshift v1.70.0/go.mod h1:szJ0Umxu1zbm11bW8d+lAfHzay32k0n3hRP4rBNBUdU=
github.com/aws/aws-sdk-go-v2/service/route53 v1.69.0 h1:Z714Jtt3Ivtf6b0g8wl2YW3Bb2hNRJu1iJCgQzV91D0=
github.com/aws/aws-sdk-go-v2/service/route53 v1.69.0/go.mod h1:6isQ7Jl/mFTOScbAsF/0+dPkBEnbgSIY6IeSQ8G0f70=
github.com/aws/aws-sdk-go-v2/service/s3 v1.111.0 h1:4PokON/ISKuD6Zl062n4WfQNnEFBMHvfeJy73Jp7K+g=
github.com/aws/aws-sdk-go-v2/service/s3 v1.111.0/go.mod h1:6ZFrmv/qIAYFmG+2WhA7mFU8+edldRlISwT+tNnyLuA=
github.com/aws/aws-sdk-go-v2/service/secretsmanager v1.48.0 h1:ENAOSENVUnUbkAXvehEZyryiFQgeRnM0HPflJ8/7lZw=
github.com/aws/aws-sdk-go-v2/service/secretsmanager v1.48.0/go.mod h1:d48st/2Pz51dNCmOEEENmwXk2izX/tUcRz0VxBxrtK0=
github.com/aws/aws-sdk-go-v2/service/sesv2 v1.72.0 h1:LUD7kpionitJ5kEbt/5/ow+PxYOpCIbdEKqLzwNdsgk=
github.com/aws/aws-sdk-go-v2/service/sesv2 v1.72.0/go.mod h1:/K/tYOhgiFfOOU0+npNO4NbOUPPJYr2eWD17I28GfQA=
github.com/aws/aws-sdk-go-v2/service/sfn v1.49.0 h1:Rc6sZ7KIa7G4i9vt1/wCQ/Rr08P7YwCjatlx68xugZI=
github.com/aws/aws-sdk-go-v2/service/sfn v1.49.0/go.mod h1:+DyVDcP4p9e/oPGp9rSVJnSPuCNpzJiLdxcBIpgnFFc=
github.com/aws/aws-sdk-go-v2/service/signin v1.0.9 h1:QKZH0S178gCmFEgst8hN0mCX1KxLgHBKKY/CLqwP8lg=
github.com/aws/aws-sdk-go-v2/service/signin v1.0.9/go.mod h1:7yuQJoT+OoH8aqIxw9vwF+8KpvLZ8AWmvmUWHsGQZvI=
github.com/aws/aws-sdk-go-v2/service/sns v1.46.0 h1:fD02zeo2Kc4hlFUvGX3FfA+gGOwd4BBcYgPDHDEzx9Y=
github.com/aws/aws-sdk-go-v2/service/sns v1.46.0/go.mod h1:/lB2ILjoT5/q0zSwtHnrJPjXBvjalnEIl0IgSEdvHec=
github.com/aws/aws-sdk-go-v2/service/sqs v1.51.0 h1:FghdY9ebeZf9iIan9J0xfBEID8arYibNBeZ1XHvs4oA=
github.com/aws/aws-sdk-go-v2/service/sqs v1.51.0/go.mod h1:wu7uOJ/2nAdenjvhHikeF6j0al99kfPVG6ZDU4e76OY=
github.com/aws/aws-sdk-go-v2/service/sso v1.30.15 h1:lFd1+ZSEYJZYvv9d6kXzhkZu07si3f+GQ1AaYwa2LUM=
github.com/aws/aws-sdk-go-v2/service/sso v1.30.15/go.mod h1:WSvS1NLr7JaPunCXqpJnWk1Bjo7IxzZXrZi1QQCkuqM=
github.com/aws/aws-sdk-go-v2/service/ssooidc v1.35.19 h1:dzztQ1YmfPrxdrOiuZRMF6fuOwWlWpD2StNLTceKpys=
github.com/aws/aws-sdk-go-v2/service/ssooidc v1.35.19/go.mod h1:YO8TrYtFdl5w/4vmjL8zaBSsiNp3w0L1FfKVKenZT7w=
github.com/aws/aws-sdk-go-v2/service/sts v1.41.10 h1:p8ogvvLugcR/zLBXTXrTkj0RYBUdErbMnAFFp12Lm/U=
github.com/aws/aws-sdk-go-v2/service/sts v1.41.10/go.mod h1:60dv0eZJfeVXfbT1tFJinbHrDfSJ2GZl4Q//OSSNAVw=
github.com/aws/smithy-go v1.28.1 h1:R/nXH00c8qcfCzQVELtRw+eLQWtzv+VAIEFJ1/xxXlQ=
github.com/aws/smithy-go v1.28.1/go.mod h1:YE2RhdIuDbA5E5bTdciG9KrW3+TiEONeUWCqxX9i1Fc=
github.com/davecgh/go-spew v1.1.1 h1:vj9j/u1bqnvCEfJOwUhtlOARqs3+rkHYY13jYWTU97c=
github.com/davecgh/go-spew v1.1.1/go.mod h1:J7Y8YcW2NihsgmVo/mv3lAwl/skON4iLHjSsI+c5H38=
github.com/golang-jwt/jwt/v5 v5.3.1 h1:kYf81DTWFe7t+1VvL7eS+jKFVWaUnK9cB1qbwn63YCY=
github.com/golang-jwt/jwt/v5 v5.3.1/go.mod h1:fxCRLWMO43lRc8nhHWY6LGqRcf+1gQWArsqaEUEa5bE=
github.com/google/go-cmp v0.7.0 h1:wk8382ETsv4JYUZwIsn6YpYiWiBsYLSJiTsyBybVuN8=
github.com/google/go-cmp v0.7.0/go.mod h1:pXiqmnSA92OHEEa9HXL2W4E7lf9JzCmGVUdgjX3N/iU=
github.com/google/jsonschema-go v0.4.3 h1:/DBOLZTfDow7pe2GmaJNhltueGTtDKICi8V8p+DQPd0=
github.com/google/jsonschema-go v0.4.3/go.mod h1:r5quNTdLOYEz95Ru18zA0ydNbBuYoo9tgaYcxEYhJVE=
github.com/modelcontextprotocol/go-sdk v1.7.0 h1:yqjY2dsbKAC0LSuWZVBMrHgiG8ukXv6NRo0JiALay44=
github.com/modelcontextprotocol/go-sdk v1.7.0/go.mod h1:dL7u98E/zjJTGzEq+j30jQ8K2k1mb6LeAH4inEcSGts=
github.com/pmezard/go-difflib v1.0.0 h1:4DBwDE0NGyQoBHbLQYPwSUPoCMWR5BEzIk/f1lZbAQM=
github.com/pmezard/go-difflib v1.0.0/go.mod h1:iKH77koFhYxTK1pcRnkKkqfTogsbg7gZNVY4sRDYZ/4=
github.com/segmentio/asm v1.1.3 h1:WM03sfUOENvvKexOLp+pCqgb/WDjsi7EK8gIsICtzhc=
github.com/segmentio/asm v1.1.3/go.mod h1:Ld3L4ZXGNcSLRg4JBsZ3//1+f/TjYl0Mzen/DQy1EJg=
github.com/segmentio/encoding v0.5.4 h1:OW1VRern8Nw6ITAtwSZ7Idrl3MXCFwXHPgqESYfvNt0=
github.com/segmentio/encoding v0.5.4/go.mod h1:HS1ZKa3kSN32ZHVZ7ZLPLXWvOVIiZtyJnO1gPH1sKt0=
github.com/stretchr/testify v1.8.0 h1:pSgiaMZlXftHpm5L7V1+rVB+AZJydKsMxsQBIJw4PKk=
github.com/stretchr/testify v1.8.0/go.mod h1:yNjHg4UonilssWZ8iaSj1OCr/vHnekPRkoO+kdMU+MU=
github.com/yosida95/uritemplate/v3 v3.0.2 h1:Ed3Oyj9yrmi9087+NczuL5BwkIc4wvTb5zIM+UJPGz4=
github.com/yosida95/uritemplate/v3 v3.0.2/go.mod h1:ILOh0sOhIJR3+L/8afwt/kE++YT040gmv5BQTMR2HP4=
go.uber.org/goleak v1.3.0 h1:2K3zAYmnTNqV73imy9J1T3WC+gmCePx2hEGkimedGto=
go.uber.org/goleak v1.3.0/go.mod h1:CoHD4mav9JJNrW/WLlf7HGZPjdw8EucARQHekz1X6bE=
golang.org/x/oauth2 v0.35.0 h1:Mv2mzuHuZuY2+bkyWXIHMfhNdJAdwW3FuWeCPYN5GVQ=
golang.org/x/oauth2 v0.35.0/go.mod h1:lzm5WQJQwKZ3nwavOZ3IS5Aulzxi68dUSgRHujetwEA=
golang.org/x/sync v0.20.0 h1:e0PTpb7pjO8GAtTs2dQ6jYa5BWYlMuX047Dco/pItO4=
golang.org/x/sync v0.20.0/go.mod h1:9xrNwdLfx4jkKbNva9FpL6vEN7evnE43NNNJQ2LF3+0=
golang.org/x/sys v0.41.0 h1:Ivj+2Cp/ylzLiEU89QhWblYnOE9zerudt9Ftecq2C6k=
golang.org/x/sys v0.41.0/go.mod h1:OgkHotnGiDImocRcuBABYBEXf8A9a87e/uXjp9XT3ks=
golang.org/x/time v0.15.0 h1:bbrp8t3bGUeFOx08pvsMYRTCVSMk89u4tKbNOZbp88U=
golang.org/x/time v0.15.0/go.mod h1:Y4YMaQmXwGQZoFaVFk4YpCt4FLQMYKZe9oeV/f4MSno=
golang.org/x/tools v0.42.0 h1:uNgphsn75Tdz5Ji2q36v/nsFSfR/9BRFvqhGBaJGd5k=
golang.org/x/tools v0.42.0/go.mod h1:Ma6lCIwGZvHK6XtgbswSoWroEkhugApmsXyrUmBhfr0=
gopkg.in/yaml.v3 v3.0.1 h1:fxVm/GzAzEWqLHuvctI91KS9hhNmmWOoWu0XTYJS7CA=
gopkg.in/yaml.v3 v3.0.1/go.mod h1:K4uyk7z7BCEPqu6E+C64Yfv1cQ7kz7rIZviUmN+EgEM=
